# THIS IS AN AUTOGENERATED FILE. DO NOT EDIT THIS FILE DIRECTLY.
# yarn lockfile v1


"@apidevtools/json-schema-ref-parser@^9.0.6":
  version "9.1.2"
  resolved "https://registry.npmjs.org/@apidevtools/json-schema-ref-parser/-/json-schema-ref-parser-9.1.2.tgz"
  integrity sha512-r1w81DpR+KyRWd3f+rk6TNqMgedmAxZP5v5KWlXQWlgMUUtyEJch0DKEci1SorPMiSeM8XPl7MZ3miJ60JIpQg==
  dependencies:
    "@jsdevtools/ono" "^7.1.3"
    "@types/json-schema" "^7.0.6"
    call-me-maybe "^1.0.1"
    js-yaml "^4.1.0"

"@apidevtools/openapi-schemas@^2.0.4":
  version "2.1.0"
  resolved "https://registry.npmjs.org/@apidevtools/openapi-schemas/-/openapi-schemas-2.1.0.tgz"
  integrity sha512-Zc1AlqrJlX3SlpupFGpiLi2EbteyP7fXmUOGup6/DnkRgjP9bgMM/ag+n91rsv0U1Gpz0H3VILA/o3bW7Ua6BQ==

"@apidevtools/swagger-methods@^3.0.2":
  version "3.0.2"
  resolved "https://registry.npmjs.org/@apidevtools/swagger-methods/-/swagger-methods-3.0.2.tgz"
  integrity sha512-QAkD5kK2b1WfjDS/UQn/qQkbwF31uqRjPTrsCs5ZG9BQGAkjwvqGFjjPqAuzac/IYzpPtRzjCP1WrTuAIjMrXg==

"@apidevtools/swagger-parser@10.0.3":
  version "10.0.3"
  resolved "https://registry.npmjs.org/@apidevtools/swagger-parser/-/swagger-parser-10.0.3.tgz"
  integrity sha512-sNiLY51vZOmSPFZA5TF35KZ2HbgYklQnTSDnkghamzLb3EkNtcQnrBQEj5AOCxHpTtXpqMCRM1CrmV2rG6nw4g==
  dependencies:
    "@apidevtools/json-schema-ref-parser" "^9.0.6"
    "@apidevtools/openapi-schemas" "^2.0.4"
    "@apidevtools/swagger-methods" "^3.0.2"
    "@jsdevtools/ono" "^7.1.3"
    call-me-maybe "^1.0.1"
    z-schema "^5.0.1"

"@asteasolutions/zod-to-openapi@^8.1.0":
  version "8.1.0"
  resolved "https://registry.npmjs.org/@asteasolutions/zod-to-openapi/-/zod-to-openapi-8.1.0.tgz"
  integrity sha512-tQFxVs05J/6QXXqIzj6rTRk3nj1HFs4pe+uThwE95jL5II2JfpVXkK+CqkO7aT0Do5AYqO6LDrKpleLUFXgY+g==
  dependencies:
    openapi3-ts "^4.1.2"

"@babel/code-frame@^7.26.2":
  version "7.27.1"
  resolved "https://registry.npmjs.org/@babel/code-frame/-/code-frame-7.27.1.tgz"
  integrity sha512-cjQ7ZlQ0Mv3b47hABuTevyTuYN4i+loJKGeV9flcCgIK37cCXRh+L1bd3iBHlynerhQ7BhCkn2BPbQUL+rGqFg==
  dependencies:
    "@babel/helper-validator-identifier" "^7.27.1"
    js-tokens "^4.0.0"
    picocolors "^1.1.1"

"@babel/helper-validator-identifier@^7.27.1":
  version "7.27.1"
  resolved "https://registry.npmjs.org/@babel/helper-validator-identifier/-/helper-validator-identifier-7.27.1.tgz"
  integrity sha512-D2hP9eA+Sqx1kBZgzxZh0y1trbuU+JoDkiEwqhQ36nodYqJwyEIhPSdMNd7lOm/4io72luTPWH20Yda0xOuUow==

"@esbuild/win32-x64@0.25.8":
  version "0.25.8"
  resolved "https://registry.npmjs.org/@esbuild/win32-x64/-/win32-x64-0.25.8.tgz"
  integrity sha512-cn3Yr7+OaaZq1c+2pe+8yxC8E144SReCQjN6/2ynubzYjvyqZjTXfQJpAcQpsdJq3My7XADANiYGHoFC69pLQw==

"@hono/node-server@^1.17.1":
  version "1.17.1"
  resolved "https://registry.npmjs.org/@hono/node-server/-/node-server-1.17.1.tgz"
  integrity sha512-SY79W/C+2b1MyAzmIcV32Q47vO1b5XwLRwj8S9N6Jr5n1QCkIfAIH6umOSgqWZ4/v67hg6qq8Ha5vZonVidGsg==

"@hono/swagger-ui@^0.5.2":
  version "0.5.2"
  resolved "https://registry.npmjs.org/@hono/swagger-ui/-/swagger-ui-0.5.2.tgz"
  integrity sha512-7wxLKdb8h7JTdZ+K8DJNE3KXQMIpJejkBTQjrYlUWF28Z1PGOKw6kUykARe5NTfueIN37jbyG/sBYsbzXzG53A==

"@hono/zod-openapi@^1.1.0":
  version "1.1.0"
  resolved "https://registry.npmjs.org/@hono/zod-openapi/-/zod-openapi-1.1.0.tgz"
  integrity sha512-S4jVR+A/jI4MA/RKJqmpjdHAN2l/EsqLnKHBv68x3WxV1NGVe3Sh7f6LV6rHEGYNHfiqpD75664A/erc+r9dQA==
  dependencies:
    "@asteasolutions/zod-to-openapi" "^8.1.0"
    "@hono/zod-validator" "^0.7.2"
    openapi3-ts "^4.5.0"

"@hono/zod-validator@^0.7.2":
  version "0.7.2"
  resolved "https://registry.npmjs.org/@hono/zod-validator/-/zod-validator-0.7.2.tgz"
  integrity sha512-ub5eL/NeZ4eLZawu78JpW/J+dugDAYhwqUIdp9KYScI6PZECij4Hx4UsrthlEUutqDDhPwRI0MscUfNkvn/mqQ==

"@jsdevtools/ono@^7.1.3":
  version "7.1.3"
  resolved "https://registry.npmjs.org/@jsdevtools/ono/-/ono-7.1.3.tgz"
  integrity sha512-4JQNk+3mVzK3xh2rqd6RB4J46qUR19azEHBneZyTZM+c456qOrbbM/5xcR8huNCCcbVt7+UmizG6GuUvPvKUYg==

"@prisma/client@^6.13.0", "@prisma/client@>=4.16.1":
  version "6.13.0"
  resolved "https://registry.npmjs.org/@prisma/client/-/client-6.13.0.tgz"
  integrity sha512-8m2+I3dQovkV8CkDMluiwEV1TxV9EXdT6xaCz39O6jYw7mkf5gwfmi+cL4LJsEPwz5tG7sreBwkRpEMJedGYUQ==

"@prisma/config@6.13.0":
  version "6.13.0"
  resolved "https://registry.npmjs.org/@prisma/config/-/config-6.13.0.tgz"
  integrity sha512-OYMM+pcrvj/NqNWCGESSxVG3O7kX6oWuGyvufTUNnDw740KIQvNyA4v0eILgkpuwsKIDU36beZCkUtIt0naTog==
  dependencies:
    c12 "3.1.0"
    deepmerge-ts "7.1.5"
    effect "3.16.12"
    read-package-up "11.0.0"

"@prisma/debug@6.13.0":
  version "6.13.0"
  resolved "https://registry.npmjs.org/@prisma/debug/-/debug-6.13.0.tgz"
  integrity sha512-um+9pfKJW0ihmM83id9FXGi5qEbVJ0Vxi1Gm0xpYsjwUBnw6s2LdPBbrsG9QXRX46K4CLWCTNvskXBup4i9hlw==

"@prisma/engines-version@6.13.0-35.361e86d0ea4987e9f53a565309b3eed797a6bcbd":
  version "6.13.0-35.361e86d0ea4987e9f53a565309b3eed797a6bcbd"
  resolved "https://registry.npmjs.org/@prisma/engines-version/-/engines-version-6.13.0-35.361e86d0ea4987e9f53a565309b3eed797a6bcbd.tgz"
  integrity sha512-MpPyKSzBX7P/ZY9odp9TSegnS/yH3CSbchQE9f0yBg3l2QyN59I6vGXcoYcqKC9VTniS1s18AMmhyr1OWavjHg==

"@prisma/engines@6.13.0":
  version "6.13.0"
  resolved "https://registry.npmjs.org/@prisma/engines/-/engines-6.13.0.tgz"
  integrity sha512-D+1B79LFvtWA0KTt8ALekQ6A/glB9w10ETknH5Y9g1k2NYYQOQy93ffiuqLn3Pl6IPJG3EsK/YMROKEaq8KBrA==
  dependencies:
    "@prisma/debug" "6.13.0"
    "@prisma/engines-version" "6.13.0-35.361e86d0ea4987e9f53a565309b3eed797a6bcbd"
    "@prisma/fetch-engine" "6.13.0"
    "@prisma/get-platform" "6.13.0"

"@prisma/extension-accelerate@^2.0.2":
  version "2.0.2"
  resolved "https://registry.npmjs.org/@prisma/extension-accelerate/-/extension-accelerate-2.0.2.tgz"
  integrity sha512-yZK6/k7uOEFpEsKoZezQS1CKDboPtBCQ0NyI70e1Un8tDiRgg80iWGyjsJmRpps2ZIut3MroHP+dyR3wVKh8lA==

"@prisma/fetch-engine@6.13.0":
  version "6.13.0"
  resolved "https://registry.npmjs.org/@prisma/fetch-engine/-/fetch-engine-6.13.0.tgz"
  integrity sha512-grmmq+4FeFKmaaytA8Ozc2+Tf3BC8xn/DVJos6LL022mfRlMZYjT3hZM0/xG7+5fO95zFG9CkDUs0m1S2rXs5Q==
  dependencies:
    "@prisma/debug" "6.13.0"
    "@prisma/engines-version" "6.13.0-35.361e86d0ea4987e9f53a565309b3eed797a6bcbd"
    "@prisma/get-platform" "6.13.0"

"@prisma/get-platform@6.13.0":
  version "6.13.0"
  resolved "https://registry.npmjs.org/@prisma/get-platform/-/get-platform-6.13.0.tgz"
  integrity sha512-Nii2pX50fY4QKKxQwm7/vvqT6Ku8yYJLZAFX4e2vzHwRdMqjugcOG5hOSLjxqoXb0cvOspV70TOhMzrw8kqAnw==
  dependencies:
    "@prisma/debug" "6.13.0"

"@standard-schema/spec@^1.0.0":
  version "1.0.0"
  resolved "https://registry.npmjs.org/@standard-schema/spec/-/spec-1.0.0.tgz"
  integrity sha512-m2bOd0f2RT9k8QJx1JN85cZYyH1RqFBdlwtkSlf4tBDYLCiiZnv1fIIwacK6cqwXavOydf0NPToMQgpKq+dVlA==

"@types/json-schema@^7.0.6":
  version "7.0.15"
  resolved "https://registry.npmjs.org/@types/json-schema/-/json-schema-7.0.15.tgz"
  integrity sha512-5+fP8P8MFNC+AyZCDxrB2pkZFPGzqQWUzpSeuuVLvm8VMcorNYavBqoFcxK8bQz4Qsbn4oUEEem4wDLfcysGHA==

"@types/node@^24.1.0":
  version "24.1.0"
  resolved "https://registry.npmjs.org/@types/node/-/node-24.1.0.tgz"
  integrity sha512-ut5FthK5moxFKH2T1CUOC6ctR67rQRvvHdFLCD2Ql6KXmMuCrjsSsRI9UsLCm9M18BMwClv4pn327UvB7eeO1w==
  dependencies:
    undici-types "~7.8.0"

"@types/normalize-package-data@^2.4.3":
  version "2.4.4"
  resolved "https://registry.npmjs.org/@types/normalize-package-data/-/normalize-package-data-2.4.4.tgz"
  integrity sha512-37i+OaWTh9qeK4LSHPsyRC7NahnGotNuZvjLSgcPzblpHB3rrCJxAOgI5gCdKm7coonsaX1Of0ILiTcnZjbfxA==

"@zxing/text-encoding@0.9.0":
  version "0.9.0"
  resolved "https://registry.npmjs.org/@zxing/text-encoding/-/text-encoding-0.9.0.tgz"
  integrity sha512-U/4aVJ2mxI0aDNI8Uq0wEhMgY+u4CNtEb0om3+y3+niDAsoTCOB33UF0sxpzqzdqXLqmvc+vZyAt4O8pPdfkwA==

argparse@^2.0.1:
  version "2.0.1"
  resolved "https://registry.npmjs.org/argparse/-/argparse-2.0.1.tgz"
  integrity sha512-8+9WqebbFzpX9OR+Wa6O29asIogeRMzcGtAINdpMHHyAg10f05aSFVBbcEqGf/PXw1EjAZ+q2/bEBg3DvurK3Q==

async@^3.2.4:
  version "3.2.6"
  resolved "https://registry.npmjs.org/async/-/async-3.2.6.tgz"
  integrity sha512-htCUDlxyyCLMgaM3xXg0C0LW2xqfuQ6p05pCEIsXuyQ+a1koYKTuBMzRNwmybfLgvJDMd0r1LTn4+E0Ti6C2AA==

available-typed-arrays@^1.0.7:
  version "1.0.7"
  resolved "https://registry.npmjs.org/available-typed-arrays/-/available-typed-arrays-1.0.7.tgz"
  integrity sha512-wvUjBtSGN7+7SjNpq/9M2Tg350UZD3q62IFZLbRAR1bSMlCo1ZaeW+BJ+D090e4hIIZLBcTDWe4Mh4jvUDajzQ==
  dependencies:
    possible-typed-array-names "^1.0.0"

balanced-match@^1.0.0:
  version "1.0.2"
  resolved "https://registry.npmjs.org/balanced-match/-/balanced-match-1.0.2.tgz"
  integrity sha512-3oSeUO0TMV67hN1AmbXsK4yaqU7tjiHlbxRDZOpH0KW9+CeX4bRAaX0Anxt0tx2MrpRpWwQaPwIlISEJhYU5Pw==

block-stream2@^2.1.0:
  version "2.1.0"
  resolved "https://registry.npmjs.org/block-stream2/-/block-stream2-2.1.0.tgz"
  integrity sha512-suhjmLI57Ewpmq00qaygS8UgEq2ly2PCItenIyhMqVjo4t4pGzqMvfgJuX8iWTeSDdfSSqS6j38fL4ToNL7Pfg==
  dependencies:
    readable-stream "^3.4.0"

brace-expansion@^1.1.7:
  version "1.1.12"
  resolved "https://registry.npmjs.org/brace-expansion/-/brace-expansion-1.1.12.tgz"
  integrity sha512-9T9UjW3r0UW5c1Q7GTwllptXwhvYmEzFhzMfZ9H7FQWt+uZePjZPjBP/W1ZEyZ1twGWom5/56TF4lPcqjnDHcg==
  dependencies:
    balanced-match "^1.0.0"
    concat-map "0.0.1"

browser-or-node@^2.1.1:
  version "2.1.1"
  resolved "https://registry.npmjs.org/browser-or-node/-/browser-or-node-2.1.1.tgz"
  integrity sha512-8CVjaLJGuSKMVTxJ2DpBl5XnlNDiT4cQFeuCJJrvJmts9YrTZDizTX7PjC2s6W4x+MBGZeEY6dGMrF04/6Hgqg==

buffer-crc32@^1.0.0:
  version "1.0.0"
  resolved "https://registry.npmjs.org/buffer-crc32/-/buffer-crc32-1.0.0.tgz"
  integrity sha512-Db1SbgBS/fg/392AblrMJk97KggmvYhr4pB5ZIMTWtaivCPMWLkmb7m21cJvpvgK+J3nsU2CmmixNBZx4vFj/w==

c12@3.1.0:
  version "3.1.0"
  resolved "https://registry.npmjs.org/c12/-/c12-3.1.0.tgz"
  integrity sha512-uWoS8OU1MEIsOv8p/5a82c3H31LsWVR5qiyXVfBNOzfffjUWtPnhAb4BYI2uG2HfGmZmFjCtui5XNWaps+iFuw==
  dependencies:
    chokidar "^4.0.3"
    confbox "^0.2.2"
    defu "^6.1.4"
    dotenv "^16.6.1"
    exsolve "^1.0.7"
    giget "^2.0.0"
    jiti "^2.4.2"
    ohash "^2.0.11"
    pathe "^2.0.3"
    perfect-debounce "^1.0.0"
    pkg-types "^2.2.0"
    rc9 "^2.1.2"

call-bind-apply-helpers@^1.0.0, call-bind-apply-helpers@^1.0.1, call-bind-apply-helpers@^1.0.2:
  version "1.0.2"
  resolved "https://registry.npmjs.org/call-bind-apply-helpers/-/call-bind-apply-helpers-1.0.2.tgz"
  integrity sha512-Sp1ablJ0ivDkSzjcaJdxEunN5/XvksFJ2sMBFfq6x0ryhQV/2b/KwFe21cMpmHtPOSij8K99/wSfoEuTObmuMQ==
  dependencies:
    es-errors "^1.3.0"
    function-bind "^1.1.2"

call-bind@^1.0.8:
  version "1.0.8"
  resolved "https://registry.npmjs.org/call-bind/-/call-bind-1.0.8.tgz"
  integrity sha512-oKlSFMcMwpUg2ednkhQ454wfWiU/ul3CkJe/PEHcTKuiX6RpbehUiFMXu13HalGZxfUwCQzZG747YXBn1im9ww==
  dependencies:
    call-bind-apply-helpers "^1.0.0"
    es-define-property "^1.0.0"
    get-intrinsic "^1.2.4"
    set-function-length "^1.2.2"

call-bound@^1.0.2, call-bound@^1.0.3, call-bound@^1.0.4:
  version "1.0.4"
  resolved "https://registry.npmjs.org/call-bound/-/call-bound-1.0.4.tgz"
  integrity sha512-+ys997U96po4Kx/ABpBCqhA9EuxJaQWDQg7295H4hBphv3IZg0boBKuwYpt4YXp6MZ5AmZQnU/tyMTlRpaSejg==
  dependencies:
    call-bind-apply-helpers "^1.0.2"
    get-intrinsic "^1.3.0"

call-me-maybe@^1.0.1:
  version "1.0.2"
  resolved "https://registry.npmjs.org/call-me-maybe/-/call-me-maybe-1.0.2.tgz"
  integrity sha512-HpX65o1Hnr9HH25ojC1YGs7HCQLq0GCOibSaWER0eNpgJ/Z1MZv2mTc7+xh6WOPxbRVcmgbv4hGU+uSQ/2xFZQ==

chokidar@^4.0.3:
  version "4.0.3"
  resolved "https://registry.npmjs.org/chokidar/-/chokidar-4.0.3.tgz"
  integrity sha512-Qgzu8kfBvo+cA4962jnP1KkS6Dop5NS6g7R5LFYJr4b8Ub94PPQXUksCw9PvXoeXPRRddRNC5C1JQUR2SMGtnA==
  dependencies:
    readdirp "^4.0.1"

citty@^0.1.6:
  version "0.1.6"
  resolved "https://registry.npmjs.org/citty/-/citty-0.1.6.tgz"
  integrity sha512-tskPPKEs8D2KPafUypv2gxwJP8h/OaJmC82QQGGDQcHvXX43xF2VDACcJVmZ0EuSxkpO9Kc4MlrA3q0+FG58AQ==
  dependencies:
    consola "^3.2.3"

commander@^9.4.1:
  version "9.5.0"
  resolved "https://registry.npmjs.org/commander/-/commander-9.5.0.tgz"
  integrity sha512-KRs7WVDKg86PWiuAqhDrAQnTXZKraVcCc6vFdL14qrZ/DcWwuRo7VoiYXalXO7S5GKpqYiVEwCbgFDfxNHKJBQ==

commander@6.2.0:
  version "6.2.0"
  resolved "https://registry.npmjs.org/commander/-/commander-6.2.0.tgz"
  integrity sha512-zP4jEKbe8SHzKJYQmq8Y9gYjtO/POJLgIdKgV7B9qNmABVFVc+ctqSX6iXh4mCpJfRBOabiZ2YKPg8ciDw6C+Q==

concat-map@0.0.1:
  version "0.0.1"
  resolved "https://registry.npmjs.org/concat-map/-/concat-map-0.0.1.tgz"
  integrity sha512-/Srv4dswyQNBfohGpz9o6Yb3Gz3SrUDqBH5rTuhGR7ahtlbYKnVxw2bCFMRljaA7EXHaXZ8wsHdodFvbkhKmqg==

confbox@^0.2.2:
  version "0.2.2"
  resolved "https://registry.npmjs.org/confbox/-/confbox-0.2.2.tgz"
  integrity sha512-1NB+BKqhtNipMsov4xI/NnhCKp9XG9NamYp5PVm9klAT0fsrNPjaFICsCFhNhwZJKNh7zB/3q8qXz0E9oaMNtQ==

consola@^3.2.3, consola@^3.4.0, consola@^3.4.2:
  version "3.4.2"
  resolved "https://registry.npmjs.org/consola/-/consola-3.4.2.tgz"
  integrity sha512-5IKcdX0nnYavi6G7TtOhwkYzyjfJlatbjMjuLSfE2kYT5pMDOilZ4OvMhi637CcDICTmz3wARPoyhqyX1Y+XvA==

crypto@^1.0.1:
  version "1.0.1"
  resolved "https://registry.npmjs.org/crypto/-/crypto-1.0.1.tgz"
  integrity sha512-VxBKmeNcqQdiUQUW2Tzq0t377b54N2bMtXO/qiLa+6eRRmmC4qT3D4OnTGoT/U6O9aklQ/jTwbOtRMTTY8G0Ig==

decode-uri-component@^0.2.2:
  version "0.2.2"
  resolved "https://registry.npmjs.org/decode-uri-component/-/decode-uri-component-0.2.2.tgz"
  integrity sha512-FqUYQ+8o158GyGTrMFJms9qh3CqTKvAqgqsTnkLI8sKu0028orqBhxNMFkFen0zGyg6epACD32pjVk58ngIErQ==

deepmerge-ts@7.1.5:
  version "7.1.5"
  resolved "https://registry.npmjs.org/deepmerge-ts/-/deepmerge-ts-7.1.5.tgz"
  integrity sha512-HOJkrhaYsweh+W+e74Yn7YStZOilkoPb6fycpwNLKzSPtruFs48nYis0zy5yJz1+ktUhHxoRDJ27RQAWLIJVJw==

define-data-property@^1.1.4:
  version "1.1.4"
  resolved "https://registry.npmjs.org/define-data-property/-/define-data-property-1.1.4.tgz"
  integrity sha512-rBMvIzlpA8v6E+SJZoo++HAYqsLrkg7MSfIinMPFhmkorw7X+dOXVJQs+QT69zGkzMyfDnIMN2Wid1+NbL3T+A==
  dependencies:
    es-define-property "^1.0.0"
    es-errors "^1.3.0"
    gopd "^1.0.1"

defu@^6.1.4:
  version "6.1.4"
  resolved "https://registry.npmjs.org/defu/-/defu-6.1.4.tgz"
  integrity sha512-mEQCMmwJu317oSz8CwdIOdwf3xMif1ttiM8LTufzc3g6kR+9Pe236twL8j3IYT1F7GfRgGcW6MWxzZjLIkuHIg==

destr@^2.0.3:
  version "2.0.5"
  resolved "https://registry.npmjs.org/destr/-/destr-2.0.5.tgz"
  integrity sha512-ugFTXCtDZunbzasqBxrK93Ik/DRYsO6S/fedkWEMKqt04xZ4csmnmwGDBAb07QWNaGMAmnTIemsYZCksjATwsA==

doctrine@3.0.0:
  version "3.0.0"
  resolved "https://registry.npmjs.org/doctrine/-/doctrine-3.0.0.tgz"
  integrity sha512-yS+Q5i3hBf7GBkd4KG8a7eBNNWNGLTaEwwYWUijIYM7zrlYDM0BFXHjjPWlWZ1Rg7UaddZeIDmi9jF3HmqiQ2w==
  dependencies:
    esutils "^2.0.2"

dotenv@^16.6.1:
  version "16.6.1"
  resolved "https://registry.npmjs.org/dotenv/-/dotenv-16.6.1.tgz"
  integrity sha512-uBq4egWHTcTt33a72vpSG0z3HnPuIl6NqYcTrKEg2azoEyl2hpW0zqlxysq2pK9HlDIHyHyakeYaYnSAwd8bow==

dunder-proto@^1.0.1:
  version "1.0.1"
  resolved "https://registry.npmjs.org/dunder-proto/-/dunder-proto-1.0.1.tgz"
  integrity sha512-KIN/nDJBQRcXw0MLVhZE9iQHmG68qAVIBg9CqmUYjmQIhgij9U5MFvrqkUL5FbtyyzZuOeOt0zdeRe4UY7ct+A==
  dependencies:
    call-bind-apply-helpers "^1.0.1"
    es-errors "^1.3.0"
    gopd "^1.2.0"

effect@3.16.12:
  version "3.16.12"
  resolved "https://registry.npmjs.org/effect/-/effect-3.16.12.tgz"
  integrity sha512-N39iBk0K71F9nb442TLbTkjl24FLUzuvx2i1I2RsEAQsdAdUTuUoW0vlfUXgkMTUOnYqKnWcFfqw4hK4Pw27hg==
  dependencies:
    "@standard-schema/spec" "^1.0.0"
    fast-check "^3.23.1"

es-define-property@^1.0.0, es-define-property@^1.0.1:
  version "1.0.1"
  resolved "https://registry.npmjs.org/es-define-property/-/es-define-property-1.0.1.tgz"
  integrity sha512-e3nRfgfUZ4rNGL232gUgX06QNyyez04KdjFrF+LTRoOXmrOgFKDg4BCdsjW8EnT69eqdYGmRpJwiPVYNrCaW3g==

es-errors@^1.3.0:
  version "1.3.0"
  resolved "https://registry.npmjs.org/es-errors/-/es-errors-1.3.0.tgz"
  integrity sha512-Zf5H2Kxt2xjTvbJvP2ZWLEICxA6j+hAmMzIlypy4xcBg1vKVnx89Wy0GbS+kf5cwCVFFzdCFh2XSCFNULS6csw==

es-object-atoms@^1.0.0, es-object-atoms@^1.1.1:
  version "1.1.1"
  resolved "https://registry.npmjs.org/es-object-atoms/-/es-object-atoms-1.1.1.tgz"
  integrity sha512-FGgH2h8zKNim9ljj7dankFPcICIK9Cp5bm+c2gQSYePhpaG5+esrLODihIorn+Pe6FGJzWhXQotPv73jTaldXA==
  dependencies:
    es-errors "^1.3.0"

esbuild@~0.25.0:
  version "0.25.8"
  resolved "https://registry.npmjs.org/esbuild/-/esbuild-0.25.8.tgz"
  integrity sha512-vVC0USHGtMi8+R4Kz8rt6JhEWLxsv9Rnu/lGYbPR8u47B+DCBksq9JarW0zOO7bs37hyOK1l2/oqtbciutL5+Q==
  optionalDependencies:
    "@esbuild/aix-ppc64" "0.25.8"
    "@esbuild/android-arm" "0.25.8"
    "@esbuild/android-arm64" "0.25.8"
    "@esbuild/android-x64" "0.25.8"
    "@esbuild/darwin-arm64" "0.25.8"
    "@esbuild/darwin-x64" "0.25.8"
    "@esbuild/freebsd-arm64" "0.25.8"
    "@esbuild/freebsd-x64" "0.25.8"
    "@esbuild/linux-arm" "0.25.8"
    "@esbuild/linux-arm64" "0.25.8"
    "@esbuild/linux-ia32" "0.25.8"
    "@esbuild/linux-loong64" "0.25.8"
    "@esbuild/linux-mips64el" "0.25.8"
    "@esbuild/linux-ppc64" "0.25.8"
    "@esbuild/linux-riscv64" "0.25.8"
    "@esbuild/linux-s390x" "0.25.8"
    "@esbuild/linux-x64" "0.25.8"
    "@esbuild/netbsd-arm64" "0.25.8"
    "@esbuild/netbsd-x64" "0.25.8"
    "@esbuild/openbsd-arm64" "0.25.8"
    "@esbuild/openbsd-x64" "0.25.8"
    "@esbuild/openharmony-arm64" "0.25.8"
    "@esbuild/sunos-x64" "0.25.8"
    "@esbuild/win32-arm64" "0.25.8"
    "@esbuild/win32-ia32" "0.25.8"
    "@esbuild/win32-x64" "0.25.8"

esutils@^2.0.2:
  version "2.0.3"
  resolved "https://registry.npmjs.org/esutils/-/esutils-2.0.3.tgz"
  integrity sha512-kVscqXk4OCp68SZ0dkgEKVi6/8ij300KBWTJq32P/dYeWTSwK41WyTxalN1eRmA5Z9UU/LX9D7FWSmV9SAYx6g==

eventemitter3@^5.0.1:
  version "5.0.1"
  resolved "https://registry.npmjs.org/eventemitter3/-/eventemitter3-5.0.1.tgz"
  integrity sha512-GWkBvjiSZK87ELrYOSESUYeVIc9mvLLf/nXalMOS5dYrgZq9o5OVkbZAVM06CVxYsCwH9BDZFPlQTlPA1j4ahA==

exsolve@^1.0.7:
  version "1.0.7"
  resolved "https://registry.npmjs.org/exsolve/-/exsolve-1.0.7.tgz"
  integrity sha512-VO5fQUzZtI6C+vx4w/4BWJpg3s/5l+6pRQEHzFRM8WFi4XffSP1Z+4qi7GbjWbvRQEbdIco5mIMq+zX4rPuLrw==

fast-check@^3.23.1:
  version "3.23.2"
  resolved "https://registry.npmjs.org/fast-check/-/fast-check-3.23.2.tgz"
  integrity sha512-h5+1OzzfCC3Ef7VbtKdcv7zsstUQwUDlYpUTvjeUsJAssPgLn7QzbboPtL5ro04Mq0rPOsMzl7q5hIbRs2wD1A==
  dependencies:
    pure-rand "^6.1.0"

fast-xml-parser@^4.4.1:
  version "4.5.3"
  resolved "https://registry.npmjs.org/fast-xml-parser/-/fast-xml-parser-4.5.3.tgz"
  integrity sha512-RKihhV+SHsIUGXObeVy9AXiBbFwkVk7Syp8XgwN5U3JV416+Gwp/GO9i0JYKmikykgz/UHRrrV4ROuZEo/T0ig==
  dependencies:
    strnum "^1.1.1"

filter-obj@^1.1.0:
  version "1.1.0"
  resolved "https://registry.npmjs.org/filter-obj/-/filter-obj-1.1.0.tgz"
  integrity sha512-8rXg1ZnX7xzy2NGDVkBVaAy+lSlPNwad13BtgSlLuxfIslyt5Vg64U7tFcCt4WS1R0hvtnQybT/IyCkGZ3DpXQ==

find-up-simple@^1.0.0:
  version "1.0.1"
  resolved "https://registry.npmjs.org/find-up-simple/-/find-up-simple-1.0.1.tgz"
  integrity sha512-afd4O7zpqHeRyg4PfDQsXmlDe2PfdHtJt6Akt8jOWaApLOZk5JXs6VMR29lz03pRe9mpykrRCYIYxaJYcfpncQ==

for-each@^0.3.5:
  version "0.3.5"
  resolved "https://registry.npmjs.org/for-each/-/for-each-0.3.5.tgz"
  integrity sha512-dKx12eRCVIzqCxFGplyFKJMPvLEWgmNtUrpTiJIR5u97zEhRG8ySrtboPHZXx7daLxQVrl643cTzbab2tkQjxg==
  dependencies:
    is-callable "^1.2.7"

fs.realpath@^1.0.0:
  version "1.0.0"
  resolved "https://registry.npmjs.org/fs.realpath/-/fs.realpath-1.0.0.tgz"
  integrity sha512-OO0pH2lK6a0hZnAdau5ItzHPI6pUlvI7jMVnxUQRtw4owF2wk8lOSabtGDCTP4Ggrg2MbGnWO9X8K1t4+fGMDw==

function-bind@^1.1.2:
  version "1.1.2"
  resolved "https://registry.npmjs.org/function-bind/-/function-bind-1.1.2.tgz"
  integrity sha512-7XHNxH7qX9xG5mIwxkhumTox/MIRNcOgDrxWsMt2pAr23WHp6MrRlN7FBSFpCpr+oVO0F744iUgR82nJMfG2SA==

get-intrinsic@^1.2.4, get-intrinsic@^1.3.0:
  version "1.3.0"
  resolved "https://registry.npmjs.org/get-intrinsic/-/get-intrinsic-1.3.0.tgz"
  integrity sha512-9fSjSaos/fRIVIp+xSJlE6lfwhES7LNtKaCBIamHsjr2na1BiABJPo0mOjjz8GJDURarmCPGqaiVg5mfjb98CQ==
  dependencies:
    call-bind-apply-helpers "^1.0.2"
    es-define-property "^1.0.1"
    es-errors "^1.3.0"
    es-object-atoms "^1.1.1"
    function-bind "^1.1.2"
    get-proto "^1.0.1"
    gopd "^1.2.0"
    has-symbols "^1.1.0"
    hasown "^2.0.2"
    math-intrinsics "^1.1.0"

get-proto@^1.0.0, get-proto@^1.0.1:
  version "1.0.1"
  resolved "https://registry.npmjs.org/get-proto/-/get-proto-1.0.1.tgz"
  integrity sha512-sTSfBjoXBp89JvIKIefqw7U2CCebsc74kiY6awiGogKtoSGbgjYE/G/+l9sF3MWFPNc9IcoOC4ODfKHfxFmp0g==
  dependencies:
    dunder-proto "^1.0.1"
    es-object-atoms "^1.0.0"

get-tsconfig@^4.7.5:
  version "4.10.1"
  resolved "https://registry.npmjs.org/get-tsconfig/-/get-tsconfig-4.10.1.tgz"
  integrity sha512-auHyJ4AgMz7vgS8Hp3N6HXSmlMdUyhSUrfBF16w153rxtLIEOE+HGqaBppczZvnHLqQJfiHotCYpNhl0lUROFQ==
  dependencies:
    resolve-pkg-maps "^1.0.0"

giget@^2.0.0:
  version "2.0.0"
  resolved "https://registry.npmjs.org/giget/-/giget-2.0.0.tgz"
  integrity sha512-L5bGsVkxJbJgdnwyuheIunkGatUF/zssUoxxjACCseZYAVbaqdh9Tsmmlkl8vYan09H7sbvKt4pS8GqKLBrEzA==
  dependencies:
    citty "^0.1.6"
    consola "^3.4.0"
    defu "^6.1.4"
    node-fetch-native "^1.6.6"
    nypm "^0.6.0"
    pathe "^2.0.3"

glob@7.1.6:
  version "7.1.6"
  resolved "https://registry.npmjs.org/glob/-/glob-7.1.6.tgz"
  integrity sha512-LwaxwyZ72Lk7vZINtNNrywX0ZuLyStrdDtabefZKAY5ZGJhVtgdznluResxNmPitE0SAO+O26sWTHeKSI2wMBA==
  dependencies:
    fs.realpath "^1.0.0"
    inflight "^1.0.4"
    inherits "2"
    minimatch "^3.0.4"
    once "^1.3.0"
    path-is-absolute "^1.0.0"

gopd@^1.0.1, gopd@^1.2.0:
  version "1.2.0"
  resolved "https://registry.npmjs.org/gopd/-/gopd-1.2.0.tgz"
  integrity sha512-ZUKRh6/kUFoAiTAtTYPZJ3hw9wNxx+BIBOijnlG9PnrJsCcSjs1wyyD6vJpaYtgnzDrKYRSqf3OO6Rfa93xsRg==

has-property-descriptors@^1.0.2:
  version "1.0.2"
  resolved "https://registry.npmjs.org/has-property-descriptors/-/has-property-descriptors-1.0.2.tgz"
  integrity sha512-55JNKuIW+vq4Ke1BjOTjM2YctQIvCT7GFzHwmfZPGo5wnrgkid0YQtnAleFSqumZm4az3n2BS+erby5ipJdgrg==
  dependencies:
    es-define-property "^1.0.0"

has-symbols@^1.0.3, has-symbols@^1.1.0:
  version "1.1.0"
  resolved "https://registry.npmjs.org/has-symbols/-/has-symbols-1.1.0.tgz"
  integrity sha512-1cDNdwJ2Jaohmb3sg4OmKaMBwuC48sYni5HUw2DvsC8LjGTLK9h+eb1X6RyuOHe4hT0ULCW68iomhjUoKUqlPQ==

has-tostringtag@^1.0.2:
  version "1.0.2"
  resolved "https://registry.npmjs.org/has-tostringtag/-/has-tostringtag-1.0.2.tgz"
  integrity sha512-NqADB8VjPFLM2V0VvHUewwwsw0ZWBaIdgo+ieHtK3hasLz4qeCRjYcqfB6AQrBggRKppKF8L52/VqdVsO47Dlw==
  dependencies:
    has-symbols "^1.0.3"

hasown@^2.0.2:
  version "2.0.2"
  resolved "https://registry.npmjs.org/hasown/-/hasown-2.0.2.tgz"
  integrity sha512-0hJU9SCPvmMzIBdZFqNPXWa6dqh7WdH0cII9y+CyS8rG3nL48Bclra9HmKhVVUHyPWNH5Y7xDwAB7bfgSjkUMQ==
  dependencies:
    function-bind "^1.1.2"

hono@*, hono@^4, hono@^4.8.10, hono@>=3.9.0, hono@>=4.3.6:
  version "4.8.10"
  resolved "https://registry.npmjs.org/hono/-/hono-4.8.10.tgz"
  integrity sha512-DRMYbR3aFk6YET1FCSAFbgF2cWYTz5j0YAFYPECx9fmrbKBDAYnWU+YCgRTpOaatxMYN6e68U/2IG39zRP4W/A==

hosted-git-info@^7.0.0:
  version "7.0.2"
  resolved "https://registry.npmjs.org/hosted-git-info/-/hosted-git-info-7.0.2.tgz"
  integrity sha512-puUZAUKT5m8Zzvs72XWy3HtvVbTWljRE66cP60bxJzAqf2DgICo7lYTY2IHUmLnNpjYvw5bvmoHvPc0QO2a62w==
  dependencies:
    lru-cache "^10.0.1"

index-to-position@^1.1.0:
  version "1.1.0"
  resolved "https://registry.npmjs.org/index-to-position/-/index-to-position-1.1.0.tgz"
  integrity sha512-XPdx9Dq4t9Qk1mTMbWONJqU7boCoumEH7fRET37HX5+khDUl3J2W6PdALxhILYlIYx2amlwYcRPp28p0tSiojg==

inflight@^1.0.4:
  version "1.0.6"
  resolved "https://registry.npmjs.org/inflight/-/inflight-1.0.6.tgz"
  integrity sha512-k92I/b08q4wvFscXCLvqfsHCrjrF7yiXsQuIVvVE7N82W3+aqpzuUdBbfhWcy/FZR3/4IgflMgKLOsvPDrGCJA==
  dependencies:
    once "^1.3.0"
    wrappy "1"

inherits@^2.0.3, inherits@2:
  version "2.0.4"
  resolved "https://registry.npmjs.org/inherits/-/inherits-2.0.4.tgz"
  integrity sha512-k/vGaX4/Yla3WzyMCvTQOXYeIHvqOKtnqBduzTHpzpQZzAskKMhZ2K+EnBiSM9zGSoIFeMpXKxa4dYeZIQqewQ==

ipaddr.js@^2.0.1:
  version "2.2.0"
  resolved "https://registry.npmjs.org/ipaddr.js/-/ipaddr.js-2.2.0.tgz"
  integrity sha512-Ag3wB2o37wslZS19hZqorUnrnzSkpOVy+IiiDEiTqNubEYpYuHWIf6K4psgN2ZWKExS4xhVCrRVfb/wfW8fWJA==

is-arguments@^1.0.4:
  version "1.2.0"
  resolved "https://registry.npmjs.org/is-arguments/-/is-arguments-1.2.0.tgz"
  integrity sha512-7bVbi0huj/wrIAOzb8U1aszg9kdi3KN/CyU19CTI7tAoZYEZoL9yCDXpbXN+uPsuWnP02cyug1gleqq+TU+YCA==
  dependencies:
    call-bound "^1.0.2"
    has-tostringtag "^1.0.2"

is-callable@^1.2.7:
  version "1.2.7"
  resolved "https://registry.npmjs.org/is-callable/-/is-callable-1.2.7.tgz"
  integrity sha512-1BC0BVFhS/p0qtw6enp8e+8OD0UrK0oFLztSjNzhcKA3WDuJxxAPXzPuPtKkjEY9UUoEWlX/8fgKeu2S8i9JTA==

is-generator-function@^1.0.7:
  version "1.1.0"
  resolved "https://registry.npmjs.org/is-generator-function/-/is-generator-function-1.1.0.tgz"
  integrity sha512-nPUB5km40q9e8UfN/Zc24eLlzdSf9OfKByBw9CIdw4H1giPMeA0OIJvbchsCu4npfI2QcMVBsGEBHKZ7wLTWmQ==
  dependencies:
    call-bound "^1.0.3"
    get-proto "^1.0.0"
    has-tostringtag "^1.0.2"
    safe-regex-test "^1.1.0"

is-regex@^1.2.1:
  version "1.2.1"
  resolved "https://registry.npmjs.org/is-regex/-/is-regex-1.2.1.tgz"
  integrity sha512-MjYsKHO5O7mCsmRGxWcLWheFqN9DJ/2TmngvjKXihe6efViPqc274+Fx/4fYj/r03+ESvBdTXK0V6tA3rgez1g==
  dependencies:
    call-bound "^1.0.2"
    gopd "^1.2.0"
    has-tostringtag "^1.0.2"
    hasown "^2.0.2"

is-typed-array@^1.1.3:
  version "1.1.15"
  resolved "https://registry.npmjs.org/is-typed-array/-/is-typed-array-1.1.15.tgz"
  integrity sha512-p3EcsicXjit7SaskXHs1hA91QxgTw46Fv6EFKKGS5DRFLD8yKnohjF3hxoju94b/OcMZoQukzpPpBE9uLVKzgQ==
  dependencies:
    which-typed-array "^1.1.16"

jiti@^2.4.2:
  version "2.5.1"
  resolved "https://registry.npmjs.org/jiti/-/jiti-2.5.1.tgz"
  integrity sha512-twQoecYPiVA5K/h6SxtORw/Bs3ar+mLUtoPSc7iMXzQzK8d7eJ/R09wmTwAjiamETn1cXYPGfNnu7DMoHgu12w==

js-tokens@^4.0.0:
  version "4.0.0"
  resolved "https://registry.npmjs.org/js-tokens/-/js-tokens-4.0.0.tgz"
  integrity sha512-RdJUflcE3cUzKiMqQgsCu06FPu9UdIJO0beYbPhHN4k6apgJtifcoCtT9bcxOpYBtpD2kCM6Sbzg4CausW/PKQ==

js-yaml@^4.1.0:
  version "4.1.0"
  resolved "https://registry.npmjs.org/js-yaml/-/js-yaml-4.1.0.tgz"
  integrity sha512-wpxZs9NoxZaJESJGIZTyDEaYpl0FKSA+FB9aJiyemKhMwkxQg63h4T1KJgUGHpTqPDNRcmmYLugrRjJlBtWvRA==
  dependencies:
    argparse "^2.0.1"

lodash.get@^4.4.2:
  version "4.4.2"
  resolved "https://registry.npmjs.org/lodash.get/-/lodash.get-4.4.2.tgz"
  integrity sha512-z+Uw/vLuy6gQe8cfaFWD7p0wVv8fJl3mbzXh33RS+0oW2wvUqiRXiQ69gLWSLpgB5/6sU+r6BlQR0MBILadqTQ==

lodash.isequal@^4.5.0:
  version "4.5.0"
  resolved "https://registry.npmjs.org/lodash.isequal/-/lodash.isequal-4.5.0.tgz"
  integrity sha512-pDo3lu8Jhfjqls6GkMgpahsF9kCyayhgykjyLMNFTKWrpVdAQtYyB4muAMWozBB4ig/dtWAmsMxLEI8wuz+DYQ==

lodash.mergewith@^4.6.2:
  version "4.6.2"
  resolved "https://registry.npmjs.org/lodash.mergewith/-/lodash.mergewith-4.6.2.tgz"
  integrity sha512-GK3g5RPZWTRSeLSpgP8Xhra+pnjBC56q9FZYe1d5RN3TJ35dbkGy3YqBSMbyCrlbi+CM9Z3Jk5yTL7RCsqboyQ==

lodash@^4.17.21:
  version "4.17.21"
  resolved "https://registry.npmjs.org/lodash/-/lodash-4.17.21.tgz"
  integrity sha512-v2kDEe57lecTulaDIuNTPy3Ry4gLGJ6Z1O3vE1krgXZNrsQ+LFTGHVxVjcXPs17LhbZVGedAJv8XZ1tvj5FvSg==

lru-cache@^10.0.1:
  version "10.4.3"
  resolved "https://registry.npmjs.org/lru-cache/-/lru-cache-10.4.3.tgz"
  integrity sha512-JNAzZcXrCt42VGLuYz0zfAzDfAvJWW6AfYlDBQyDV5DClI2m5sAmK+OIO7s59XfsRsWHp02jAJrRadPRGTt6SQ==

math-intrinsics@^1.1.0:
  version "1.1.0"
  resolved "https://registry.npmjs.org/math-intrinsics/-/math-intrinsics-1.1.0.tgz"
  integrity sha512-/IXtbwEk5HTPyEwyKX6hGkYXxM9nbj64B+ilVJnC/R6B0pH5G4V3b0pVbL7DBj4tkhBAppbQUlf6F6Xl9LHu1g==

mime-db@1.52.0:
  version "1.52.0"
  resolved "https://registry.npmjs.org/mime-db/-/mime-db-1.52.0.tgz"
  integrity sha512-sPU4uV7dYlvtWJxwwxHD0PuihVNiE7TyAbQ5SWxDCB9mUYvOgroQOwYQQOKPJ8CIbE+1ETVlOoK1UC2nU3gYvg==

mime-types@^2.1.35:
  version "2.1.35"
  resolved "https://registry.npmjs.org/mime-types/-/mime-types-2.1.35.tgz"
  integrity sha512-ZDY+bPm5zTTF+YpCrAU9nK0UgICYPT0QtT1NZWFv4s++TNkcgVaT0g6+4R2uI4MjQjzysHB1zxuWL50hzaeXiw==
  dependencies:
    mime-db "1.52.0"

minimatch@^3.0.4:
  version "3.1.2"
  resolved "https://registry.npmjs.org/minimatch/-/minimatch-3.1.2.tgz"
  integrity sha512-J7p63hRiAjw1NDEww1W7i37+ByIrOWO5XQQAzZ3VOcL0PNybwpfmV/N05zFAzwQ9USyEcX6t3UO+K5aqBQOIHw==
  dependencies:
    brace-expansion "^1.1.7"

minio@^8.0.5:
  version "8.0.5"
  resolved "https://registry.npmjs.org/minio/-/minio-8.0.5.tgz"
  integrity sha512-/vAze1uyrK2R/DSkVutE4cjVoAowvIQ18RAwn7HrqnLecLlMazFnY0oNBqfuoAWvu7mZIGX75AzpuV05TJeoHg==
  dependencies:
    async "^3.2.4"
    block-stream2 "^2.1.0"
    browser-or-node "^2.1.1"
    buffer-crc32 "^1.0.0"
    eventemitter3 "^5.0.1"
    fast-xml-parser "^4.4.1"
    ipaddr.js "^2.0.1"
    lodash "^4.17.21"
    mime-types "^2.1.35"
    query-string "^7.1.3"
    stream-json "^1.8.0"
    through2 "^4.0.2"
    web-encoding "^1.1.5"
    xml2js "^0.5.0 || ^0.6.2"

node-fetch-native@^1.6.6:
  version "1.6.6"
  resolved "https://registry.npmjs.org/node-fetch-native/-/node-fetch-native-1.6.6.tgz"
  integrity sha512-8Mc2HhqPdlIfedsuZoc3yioPuzp6b+L5jRCRY1QzuWZh2EGJVQrGppC6V6cF0bLdbW0+O2YpqCA25aF/1lvipQ==

normalize-package-data@^6.0.0:
  version "6.0.2"
  resolved "https://registry.npmjs.org/normalize-package-data/-/normalize-package-data-6.0.2.tgz"
  integrity sha512-V6gygoYb/5EmNI+MEGrWkC+e6+Rr7mTmfHrxDbLzxQogBkgzo76rkok0Am6thgSF7Mv2nLOajAJj5vDJZEFn7g==
  dependencies:
    hosted-git-info "^7.0.0"
    semver "^7.3.5"
    validate-npm-package-license "^3.0.4"

nypm@^0.6.0:
  version "0.6.1"
  resolved "https://registry.npmjs.org/nypm/-/nypm-0.6.1.tgz"
  integrity sha512-hlacBiRiv1k9hZFiphPUkfSQ/ZfQzZDzC+8z0wL3lvDAOUu/2NnChkKuMoMjNur/9OpKuz2QsIeiPVN0xM5Q0w==
  dependencies:
    citty "^0.1.6"
    consola "^3.4.2"
    pathe "^2.0.3"
    pkg-types "^2.2.0"
    tinyexec "^1.0.1"

ohash@^2.0.11:
  version "2.0.11"
  resolved "https://registry.npmjs.org/ohash/-/ohash-2.0.11.tgz"
  integrity sha512-RdR9FQrFwNBNXAr4GixM8YaRZRJ5PUWbKYbE5eOsrwAjJW0q2REGcf79oYPsLyskQCZG1PLN+S/K1V00joZAoQ==

once@^1.3.0:
  version "1.4.0"
  resolved "https://registry.npmjs.org/once/-/once-1.4.0.tgz"
  integrity sha512-lNaJgI+2Q5URQBkccEKHTQOPaXdUxnZZElQTZY0MFUAuaEqe1E+Nyvgdz/aIyNi6Z9MzO5dv1H8n58/GELp3+w==
  dependencies:
    wrappy "1"

openapi-types@>=7:
  version "12.1.3"
  resolved "https://registry.npmjs.org/openapi-types/-/openapi-types-12.1.3.tgz"
  integrity sha512-N4YtSYJqghVu4iek2ZUvcN/0aqH1kRDuNqzcycDxhOUpg7GdvLa2F3DgS6yBNhInhv2r/6I0Flkn7CqL8+nIcw==

openapi3-ts@^4.1.2, openapi3-ts@^4.5.0:
  version "4.5.0"
  resolved "https://registry.npmjs.org/openapi3-ts/-/openapi3-ts-4.5.0.tgz"
  integrity sha512-jaL+HgTq2Gj5jRcfdutgRGLosCy/hT8sQf6VOy+P+g36cZOjI1iukdPnijC+4CmeRzg/jEllJUboEic2FhxhtQ==
  dependencies:
    yaml "^2.8.0"

parse-json@^8.0.0:
  version "8.3.0"
  resolved "https://registry.npmjs.org/parse-json/-/parse-json-8.3.0.tgz"
  integrity sha512-ybiGyvspI+fAoRQbIPRddCcSTV9/LsJbf0e/S85VLowVGzRmokfneg2kwVW/KU5rOXrPSbF1qAKPMgNTqqROQQ==
  dependencies:
    "@babel/code-frame" "^7.26.2"
    index-to-position "^1.1.0"
    type-fest "^4.39.1"

path-is-absolute@^1.0.0:
  version "1.0.1"
  resolved "https://registry.npmjs.org/path-is-absolute/-/path-is-absolute-1.0.1.tgz"
  integrity sha512-AVbw3UJ2e9bq64vSaS9Am0fje1Pa8pbGqTTsmXfaIiMpnr5DlDhfJOuLj9Sf95ZPVDAUerDfEk88MPmPe7UCQg==

pathe@^2.0.3:
  version "2.0.3"
  resolved "https://registry.npmjs.org/pathe/-/pathe-2.0.3.tgz"
  integrity sha512-WUjGcAqP1gQacoQe+OBJsFA7Ld4DyXuUIjZ5cc75cLHvJ7dtNsTugphxIADwspS+AraAUePCKrSVtPLFj/F88w==

perfect-debounce@^1.0.0:
  version "1.0.0"
  resolved "https://registry.npmjs.org/perfect-debounce/-/perfect-debounce-1.0.0.tgz"
  integrity sha512-xCy9V055GLEqoFaHoC1SoLIaLmWctgCUaBaWxDZ7/Zx4CTyX7cJQLJOok/orfjZAh9kEYpjJa4d0KcJmCbctZA==

picocolors@^1.1.1:
  version "1.1.1"
  resolved "https://registry.npmjs.org/picocolors/-/picocolors-1.1.1.tgz"
  integrity sha512-xceH2snhtb5M9liqDsmEw56le376mTZkEX/jEb/RxNFyegNul7eNslCXP9FDj/Lcu0X8KEyMceP2ntpaHrDEVA==

pkg-types@^2.2.0:
  version "2.2.0"
  resolved "https://registry.npmjs.org/pkg-types/-/pkg-types-2.2.0.tgz"
  integrity sha512-2SM/GZGAEkPp3KWORxQZns4M+WSeXbC2HEvmOIJe3Cmiv6ieAJvdVhDldtHqM5J1Y7MrR1XhkBT/rMlhh9FdqQ==
  dependencies:
    confbox "^0.2.2"
    exsolve "^1.0.7"
    pathe "^2.0.3"

possible-typed-array-names@^1.0.0:
  version "1.1.0"
  resolved "https://registry.npmjs.org/possible-typed-array-names/-/possible-typed-array-names-1.1.0.tgz"
  integrity sha512-/+5VFTchJDoVj3bhoqi6UeymcD00DAwb1nJwamzPvHEszJ4FpF6SNNbUbOS8yI56qHzdV8eK0qEfOSiodkTdxg==

prisma@*, prisma@^6.13.0:
  version "6.13.0"
  resolved "https://registry.npmjs.org/prisma/-/prisma-6.13.0.tgz"
  integrity sha512-dfzORf0AbcEyyzxuv2lEwG8g+WRGF/qDQTpHf/6JoHsyF5MyzCEZwClVaEmw3WXcobgadosOboKUgQU0kFs9kw==
  dependencies:
    "@prisma/config" "6.13.0"
    "@prisma/engines" "6.13.0"

pure-rand@^6.1.0:
  version "6.1.0"
  resolved "https://registry.npmjs.org/pure-rand/-/pure-rand-6.1.0.tgz"
  integrity sha512-bVWawvoZoBYpp6yIoQtQXHZjmz35RSVHnUOTefl8Vcjr8snTPY1wnpSPMWekcFwbxI6gtmT7rSYPFvz71ldiOA==

query-string@^7.1.3:
  version "7.1.3"
  resolved "https://registry.npmjs.org/query-string/-/query-string-7.1.3.tgz"
  integrity sha512-hh2WYhq4fi8+b+/2Kg9CEge4fDPvHS534aOOvOZeQ3+Vf2mCFsaFBYj0i+iXcAq6I9Vzp5fjMFBlONvayDC1qg==
  dependencies:
    decode-uri-component "^0.2.2"
    filter-obj "^1.1.0"
    split-on-first "^1.0.0"
    strict-uri-encode "^2.0.0"

rc9@^2.1.2:
  version "2.1.2"
  resolved "https://registry.npmjs.org/rc9/-/rc9-2.1.2.tgz"
  integrity sha512-btXCnMmRIBINM2LDZoEmOogIZU7Qe7zn4BpomSKZ/ykbLObuBdvG+mFq11DL6fjH1DRwHhrlgtYWG96bJiC7Cg==
  dependencies:
    defu "^6.1.4"
    destr "^2.0.3"

read-package-up@11.0.0:
  version "11.0.0"
  resolved "https://registry.npmjs.org/read-package-up/-/read-package-up-11.0.0.tgz"
  integrity sha512-MbgfoNPANMdb4oRBNg5eqLbB2t2r+o5Ua1pNt8BqGp4I0FJZhuVSOj3PaBPni4azWuSzEdNn2evevzVmEk1ohQ==
  dependencies:
    find-up-simple "^1.0.0"
    read-pkg "^9.0.0"
    type-fest "^4.6.0"

read-pkg@^9.0.0:
  version "9.0.1"
  resolved "https://registry.npmjs.org/read-pkg/-/read-pkg-9.0.1.tgz"
  integrity sha512-9viLL4/n1BJUCT1NXVTdS1jtm80yDEgR5T4yCelII49Mbj0v1rZdKqj7zCiYdbB0CuCgdrvHcNogAKTFPBocFA==
  dependencies:
    "@types/normalize-package-data" "^2.4.3"
    normalize-package-data "^6.0.0"
    parse-json "^8.0.0"
    type-fest "^4.6.0"
    unicorn-magic "^0.1.0"

readable-stream@^3.4.0, readable-stream@3:
  version "3.6.2"
  resolved "https://registry.npmjs.org/readable-stream/-/readable-stream-3.6.2.tgz"
  integrity sha512-9u/sniCrY3D5WdsERHzHE4G2YCXqoG5FTHUiCC4SIbr6XcLZBY05ya9EKjYek9O5xOAwjGq+1JdGBAS7Q9ScoA==
  dependencies:
    inherits "^2.0.3"
    string_decoder "^1.1.1"
    util-deprecate "^1.0.1"

readdirp@^4.0.1:
  version "4.1.2"
  resolved "https://registry.npmjs.org/readdirp/-/readdirp-4.1.2.tgz"
  integrity sha512-GDhwkLfywWL2s6vEjyhri+eXmfH6j1L7JE27WhqLeYzoh/A3DBaYGEj2H/HFZCn/kMfim73FXxEJTw06WtxQwg==

resolve-pkg-maps@^1.0.0:
  version "1.0.0"
  resolved "https://registry.npmjs.org/resolve-pkg-maps/-/resolve-pkg-maps-1.0.0.tgz"
  integrity sha512-seS2Tj26TBVOC2NIc2rOe2y2ZO7efxITtLZcGSOnHHNOQ7CkiUBfw0Iw2ck6xkIhPwLhKNLS8BO+hEpngQlqzw==

safe-buffer@~5.2.0:
  version "5.2.1"
  resolved "https://registry.npmjs.org/safe-buffer/-/safe-buffer-5.2.1.tgz"
  integrity sha512-rp3So07KcdmmKbGvgaNxQSJr7bGVSVk5S9Eq1F+ppbRo70+YeaDxkw5Dd8NPN+GD6bjnYm2VuPuCXmpuYvmCXQ==

safe-regex-test@^1.1.0:
  version "1.1.0"
  resolved "https://registry.npmjs.org/safe-regex-test/-/safe-regex-test-1.1.0.tgz"
  integrity sha512-x/+Cz4YrimQxQccJf5mKEbIa1NzeCRNI5Ecl/ekmlYaampdNLPalVyIcCZNNH3MvmqBugV5TMYZXv0ljslUlaw==
  dependencies:
    call-bound "^1.0.2"
    es-errors "^1.3.0"
    is-regex "^1.2.1"

sax@>=0.6.0:
  version "1.4.1"
  resolved "https://registry.npmjs.org/sax/-/sax-1.4.1.tgz"
  integrity sha512-+aWOz7yVScEGoKNd4PA10LZ8sk0A/z5+nXQG5giUO5rprX9jgYsTdov9qCchZiPIZezbZH+jRut8nPodFAX4Jg==

semver@^7.3.5:
  version "7.7.2"
  resolved "https://registry.npmjs.org/semver/-/semver-7.7.2.tgz"
  integrity sha512-RF0Fw+rO5AMf9MAyaRXI4AV0Ulj5lMHqVxxdSgiVbixSCXoEmmX/jk0CuJw4+3SqroYO9VoUh+HcuJivvtJemA==

set-function-length@^1.2.2:
  version "1.2.2"
  resolved "https://registry.npmjs.org/set-function-length/-/set-function-length-1.2.2.tgz"
  integrity sha512-pgRc4hJ4/sNjWCSS9AmnS40x3bNMDTknHgL5UaMBTMyJnU90EgWh1Rz+MC9eFu4BuN/UwZjKQuY/1v3rM7HMfg==
  dependencies:
    define-data-property "^1.1.4"
    es-errors "^1.3.0"
    function-bind "^1.1.2"
    get-intrinsic "^1.2.4"
    gopd "^1.0.1"
    has-property-descriptors "^1.0.2"

spdx-correct@^3.0.0:
  version "3.2.0"
  resolved "https://registry.npmjs.org/spdx-correct/-/spdx-correct-3.2.0.tgz"
  integrity sha512-kN9dJbvnySHULIluDHy32WHRUu3Og7B9sbY7tsFLctQkIqnMh3hErYgdMjTYuqmcXX+lK5T1lnUt3G7zNswmZA==
  dependencies:
    spdx-expression-parse "^3.0.0"
    spdx-license-ids "^3.0.0"

spdx-exceptions@^2.1.0:
  version "2.5.0"
  resolved "https://registry.npmjs.org/spdx-exceptions/-/spdx-exceptions-2.5.0.tgz"
  integrity sha512-PiU42r+xO4UbUS1buo3LPJkjlO7430Xn5SVAhdpzzsPHsjbYVflnnFdATgabnLude+Cqu25p6N+g2lw/PFsa4w==

spdx-expression-parse@^3.0.0:
  version "3.0.1"
  resolved "https://registry.npmjs.org/spdx-expression-parse/-/spdx-expression-parse-3.0.1.tgz"
  integrity sha512-cbqHunsQWnJNE6KhVSMsMeH5H/L9EpymbzqTQ3uLwNCLZ1Q481oWaofqH7nO6V07xlXwY6PhQdQ2IedWx/ZK4Q==
  dependencies:
    spdx-exceptions "^2.1.0"
    spdx-license-ids "^3.0.0"

spdx-license-ids@^3.0.0:
  version "3.0.21"
  resolved "https://registry.npmjs.org/spdx-license-ids/-/spdx-license-ids-3.0.21.tgz"
  integrity sha512-Bvg/8F5XephndSK3JffaRqdT+gyhfqIPwDHpX80tJrF8QQRYMo8sNMeaZ2Dp5+jhwKnUmIOyFFQfHRkjJm5nXg==

split-on-first@^1.0.0:
  version "1.1.0"
  resolved "https://registry.npmjs.org/split-on-first/-/split-on-first-1.1.0.tgz"
  integrity sha512-43ZssAJaMusuKWL8sKUBQXHWOpq8d6CfN/u1p4gUzfJkM05C8rxTmYrkIPTXapZpORA6LkkzcUulJ8FqA7Uudw==

stream-chain@^2.2.5:
  version "2.2.5"
  resolved "https://registry.npmjs.org/stream-chain/-/stream-chain-2.2.5.tgz"
  integrity sha512-1TJmBx6aSWqZ4tx7aTpBDXK0/e2hhcNSTV8+CbFJtDjbb+I1mZ8lHit0Grw9GRT+6JbIrrDd8esncgBi8aBXGA==

stream-json@^1.8.0:
  version "1.9.1"
  resolved "https://registry.npmjs.org/stream-json/-/stream-json-1.9.1.tgz"
  integrity sha512-uWkjJ+2Nt/LO9Z/JyKZbMusL8Dkh97uUBTv3AJQ74y07lVahLY4eEFsPsE97pxYBwr8nnjMAIch5eqI0gPShyw==
  dependencies:
    stream-chain "^2.2.5"

strict-uri-encode@^2.0.0:
  version "2.0.0"
  resolved "https://registry.npmjs.org/strict-uri-encode/-/strict-uri-encode-2.0.0.tgz"
  integrity sha512-QwiXZgpRcKkhTj2Scnn++4PKtWsH0kpzZ62L2R6c/LUVYv7hVnZqcg2+sMuT6R7Jusu1vviK/MFsu6kNJfWlEQ==

string_decoder@^1.1.1:
  version "1.3.0"
  resolved "https://registry.npmjs.org/string_decoder/-/string_decoder-1.3.0.tgz"
  integrity sha512-hkRX8U1WjJFd8LsDJ2yQ/wWWxaopEsABU1XfkM8A+j0+85JAGppt16cr1Whg6KIbb4okU6Mql6BOj+uup/wKeA==
  dependencies:
    safe-buffer "~5.2.0"

strnum@^1.1.1:
  version "1.1.2"
  resolved "https://registry.npmjs.org/strnum/-/strnum-1.1.2.tgz"
  integrity sha512-vrN+B7DBIoTTZjnPNewwhx6cBA/H+IS7rfW68n7XxC1y7uoiGQBxaKzqucGUgavX15dJgiGztLJ8vxuEzwqBdA==

swagger-jsdoc@^6.2.8:
  version "6.2.8"
  resolved "https://registry.npmjs.org/swagger-jsdoc/-/swagger-jsdoc-6.2.8.tgz"
  integrity sha512-VPvil1+JRpmJ55CgAtn8DIcpBs0bL5L3q5bVQvF4tAW/k/9JYSj7dCpaYCAv5rufe0vcCbBRQXGvzpkWjvLklQ==
  dependencies:
    commander "6.2.0"
    doctrine "3.0.0"
    glob "7.1.6"
    lodash.mergewith "^4.6.2"
    swagger-parser "^10.0.3"
    yaml "2.0.0-1"

swagger-parser@^10.0.3:
  version "10.0.3"
  resolved "https://registry.npmjs.org/swagger-parser/-/swagger-parser-10.0.3.tgz"
  integrity sha512-nF7oMeL4KypldrQhac8RyHerJeGPD1p2xDh900GPvc+Nk7nWP6jX2FcC7WmkinMoAmoO774+AFXcWsW8gMWEIg==
  dependencies:
    "@apidevtools/swagger-parser" "10.0.3"

through2@^4.0.2:
  version "4.0.2"
  resolved "https://registry.npmjs.org/through2/-/through2-4.0.2.tgz"
  integrity sha512-iOqSav00cVxEEICeD7TjLB1sueEL+81Wpzp2bY17uZjZN0pWZPuo4suZ/61VujxmqSGFfgOcNuTZ85QJwNZQpw==
  dependencies:
    readable-stream "3"

tinyexec@^1.0.1:
  version "1.0.1"
  resolved "https://registry.npmjs.org/tinyexec/-/tinyexec-1.0.1.tgz"
  integrity sha512-5uC6DDlmeqiOwCPmK9jMSdOuZTh8bU39Ys6yidB+UTt5hfZUPGAypSgFRiEp+jbi9qH40BLDvy85jIU88wKSqw==

tsx@^4.7.1:
  version "4.20.3"
  resolved "https://registry.npmjs.org/tsx/-/tsx-4.20.3.tgz"
  integrity sha512-qjbnuR9Tr+FJOMBqJCW5ehvIo/buZq7vH7qD7JziU98h6l3qGy0a/yPFjwO+y0/T7GFpNgNAvEcPPVfyT8rrPQ==
  dependencies:
    esbuild "~0.25.0"
    get-tsconfig "^4.7.5"
  optionalDependencies:
    fsevents "~2.3.3"

type-fest@^4.39.1, type-fest@^4.6.0:
  version "4.41.0"
  resolved "https://registry.npmjs.org/type-fest/-/type-fest-4.41.0.tgz"
  integrity sha512-TeTSQ6H5YHvpqVwBRcnLDCBnDOHWYu7IvGbHT6N8AOymcr9PJGjc1GTtiWZTYg0NCgYwvnYWEkVChQAr9bjfwA==

typescript@^5.8.3, typescript@>=5.1.0:
  version "5.8.3"
  resolved "https://registry.npmjs.org/typescript/-/typescript-5.8.3.tgz"
  integrity sha512-p1diW6TqL9L07nNxvRMM7hMMw4c5XOo/1ibL4aAIGmSAt9slTE1Xgw5KWuof2uTOvCg9BY7ZRi+GaF+7sfgPeQ==

undici-types@~7.8.0:
  version "7.8.0"
  resolved "https://registry.npmjs.org/undici-types/-/undici-types-7.8.0.tgz"
  integrity sha512-9UJ2xGDvQ43tYyVMpuHlsgApydB8ZKfVYTsLDhXkFL/6gfkp+U8xTGdh8pMJv1SpZna0zxG1DwsKZsreLbXBxw==

unicorn-magic@^0.1.0:
  version "0.1.0"
  resolved "https://registry.npmjs.org/unicorn-magic/-/unicorn-magic-0.1.0.tgz"
  integrity sha512-lRfVq8fE8gz6QMBuDM6a+LO3IAzTi05H6gCVaUpir2E1Rwpo4ZUog45KpNXKC/Mn3Yb9UDuHumeFTo9iV/D9FQ==

util-deprecate@^1.0.1:
  version "1.0.2"
  resolved "https://registry.npmjs.org/util-deprecate/-/util-deprecate-1.0.2.tgz"
  integrity sha512-EPD5q1uXyFxJpCrLnCc1nHnq3gOa6DZBocAIiI2TaSCA7VCJ1UJDMagCzIkXNsUYfD1daK//LTEQ8xiIbrHtcw==

util@^0.12.3:
  version "0.12.5"
  resolved "https://registry.npmjs.org/util/-/util-0.12.5.tgz"
  integrity sha512-kZf/K6hEIrWHI6XqOFUiiMa+79wE/D8Q+NCNAWclkyg3b4d2k7s0QGepNjiABc+aR3N1PAyHL7p6UcLY6LmrnA==
  dependencies:
    inherits "^2.0.3"
    is-arguments "^1.0.4"
    is-generator-function "^1.0.7"
    is-typed-array "^1.1.3"
    which-typed-array "^1.1.2"

validate-npm-package-license@^3.0.4:
  version "3.0.4"
  resolved "https://registry.npmjs.org/validate-npm-package-license/-/validate-npm-package-license-3.0.4.tgz"
  integrity sha512-DpKm2Ui/xN7/HQKCtpZxoRWBhZ9Z0kqtygG8XCgNQ8ZlDnxuQmWhj566j8fN4Cu3/JmbhsDo7fcAJq4s9h27Ew==
  dependencies:
    spdx-correct "^3.0.0"
    spdx-expression-parse "^3.0.0"

validator@^13.7.0:
  version "13.15.15"
  resolved "https://registry.npmjs.org/validator/-/validator-13.15.15.tgz"
  integrity sha512-BgWVbCI72aIQy937xbawcs+hrVaN/CZ2UwutgaJ36hGqRrLNM+f5LUT/YPRbo8IV/ASeFzXszezV+y2+rq3l8A==

web-encoding@^1.1.5:
  version "1.1.5"
  resolved "https://registry.npmjs.org/web-encoding/-/web-encoding-1.1.5.tgz"
  integrity sha512-HYLeVCdJ0+lBYV2FvNZmv3HJ2Nt0QYXqZojk3d9FJOLkwnuhzM9tmamh8d7HPM8QqjKH8DeHkFTx+CFlWpZZDA==
  dependencies:
    util "^0.12.3"
  optionalDependencies:
    "@zxing/text-encoding" "0.9.0"

which-typed-array@^1.1.16, which-typed-array@^1.1.2:
  version "1.1.19"
  resolved "https://registry.npmjs.org/which-typed-array/-/which-typed-array-1.1.19.tgz"
  integrity sha512-rEvr90Bck4WZt9HHFC4DJMsjvu7x+r6bImz0/BrbWb7A2djJ8hnZMrWnHo9F8ssv0OMErasDhftrfROTyqSDrw==
  dependencies:
    available-typed-arrays "^1.0.7"
    call-bind "^1.0.8"
    call-bound "^1.0.4"
    for-each "^0.3.5"
    get-proto "^1.0.1"
    gopd "^1.2.0"
    has-tostringtag "^1.0.2"

wrappy@1:
  version "1.0.2"
  resolved "https://registry.npmjs.org/wrappy/-/wrappy-1.0.2.tgz"
  integrity sha512-l4Sp/DRseor9wL6EvV2+TuQn63dMkPjZ/sp9XkghTEbV9KlPS1xUsZ3u7/IQO4wxtcFB4bgpQPRcR3QCvezPcQ==

"xml2js@^0.5.0 || ^0.6.2":
  version "0.6.2"
  resolved "https://registry.npmjs.org/xml2js/-/xml2js-0.6.2.tgz"
  integrity sha512-T4rieHaC1EXcES0Kxxj4JWgaUQHDk+qwHcYOCFHfiwKz7tOVPLq7Hjq9dM1WCMhylqMEfP7hMcOIChvotiZegA==
  dependencies:
    sax ">=0.6.0"
    xmlbuilder "~11.0.0"

xmlbuilder@~11.0.0:
  version "11.0.1"
  resolved "https://registry.npmjs.org/xmlbuilder/-/xmlbuilder-11.0.1.tgz"
  integrity sha512-fDlsI/kFEx7gLvbecc0/ohLG50fugQp8ryHzMTuW9vSa1GJ0XYWKnhsUx7oie3G98+r56aTQIUB4kht42R3JvA==

yaml@^2.8.0:
  version "2.8.1"
  resolved "https://registry.npmjs.org/yaml/-/yaml-2.8.1.tgz"
  integrity sha512-lcYcMxX2PO9XMGvAJkJ3OsNMw+/7FKes7/hgerGUYWIoWu5j/+YQqcZr5JnPZWzOsEBgMbSbiSTn/dv/69Mkpw==

yaml@2.0.0-1:
  version "2.0.0-1"
  resolved "https://registry.npmjs.org/yaml/-/yaml-2.0.0-1.tgz"
  integrity sha512-W7h5dEhywMKenDJh2iX/LABkbFnBxasD27oyXWDS/feDsxiw0dD5ncXdYXgkvAsXIY2MpW/ZKkr9IU30DBdMNQ==

z-schema@^5.0.1:
  version "5.0.5"
  resolved "https://registry.npmjs.org/z-schema/-/z-schema-5.0.5.tgz"
  integrity sha512-D7eujBWkLa3p2sIpJA0d1pr7es+a7m0vFAnZLlCEKq/Ij2k0MLi9Br2UPxoxdYystm5K1yeBGzub0FlYUEWj2Q==
  dependencies:
    lodash.get "^4.4.2"
    lodash.isequal "^4.5.0"
    validator "^13.7.0"
  optionalDependencies:
    commander "^9.4.1"

"zod@^3.25.0 || ^4.0.0", zod@^4.0.0, zod@^4.0.13:
  version "4.0.13"
  resolved "https://registry.npmjs.org/zod/-/zod-4.0.13.tgz"
  integrity sha512-jv+zRxuZQxTrFHzxZ46ezL2FtnE+M4HIJHJEwLsZ7UjrXHltdG6HrxvqM0twoVCWxJiYf8WqKjAcjztegpkB+Q==
